
Microsoft Visual Studio Solution File, Format Version 12.00
# Visual Studio Version 16
VisualStudioVersion = 16.0.31321.278
MinimumVisualStudioVersion = 10.0.40219.1
Project("{9A19103F-16F7-4668-BE54-9A1E7A4F7556}") = "FlexateWebApi", "FlexateWebApi\FlexateWebApi.csproj", "{93908A23-9F99-4691-A8BF-25937F9C013A}"
EndProject
Project("{2150E333-8FDC-42A3-9474-1A3956D46DE8}") = "Presentation", "Presentation", "{BEF04ECD-E7C5-4157-809C-07AD24AD86B7}"
EndProject
Project("{2150E333-8FDC-42A3-9474-1A3956D46DE8}") = "Infrastructure", "Infrastructure", "{CFE363C7-1308-4A99-95FF-DCE548C84BEB}"
EndProject
Project("{9A19103F-16F7-4668-BE54-9A1E7A4F7556}") = "FlexateWebApi.Infrastructure", "FlexateWebApi.Infrastructure\FlexateWebApi.Infrastructure.csproj", "{B7D84022-A681-4EBC-A801-525F077F3CC3}"
EndProject
Project("{2150E333-8FDC-42A3-9474-1A3956D46DE8}") = "Core", "Core", "{462DF82E-D37A-40B0-9C6A-D2950B3F6905}"
EndProject
Project("{9A19103F-16F7-4668-BE54-9A1E7A4F7556}") = "FlexateWebApi.Entity", "FlexateWebApi.Domain\FlexateWebApi.Entity.csproj", "{14E7336D-759E-4D09-97AE-9A38D36E158D}"
EndProject
Project("{9A19103F-16F7-4668-BE54-9A1E7A4F7556}") = "FlexateWebApi.Application", "FlexateWebApi.Application\FlexateWebApi.Application.csproj", "{F134922F-239B-4F17-8B0E-A1978D63570A}"
EndProject
Project("{2150E333-8FDC-42A3-9474-1A3956D46DE8}") = "Solution Items", "Solution Items", "{B4FA05AE-8AC5-4A74-BCCD-F0FCD4123715}"
	ProjectSection(SolutionItems) = preProject
		.editorconfig = .editorconfig
	EndProjectSection
EndProject
Global
	GlobalSection(SolutionConfigurationPlatforms) = preSolution
		Debug|Any CPU = Debug|Any CPU
		Release|Any CPU = Release|Any CPU
	EndGlobalSection
	GlobalSection(ProjectConfigurationPlatforms) = postSolution
		{93908A23-9F99-4691-A8BF-25937F9C013A}.Debug|Any CPU.ActiveCfg = Debug|Any CPU
		{93908A23-9F99-4691-A8BF-25937F9C013A}.Debug|Any CPU.Build.0 = Debug|Any CPU
		{93908A23-9F99-4691-A8BF-25937F9C013A}.Release|Any CPU.ActiveCfg = Release|Any CPU
		{93908A23-9F99-4691-A8BF-25937F9C013A}.Release|Any CPU.Build.0 = Release|Any CPU
		{B7D84022-A681-4EBC-A801-525F077F3CC3}.Debug|Any CPU.ActiveCfg = Debug|Any CPU
		{B7D84022-A681-4EBC-A801-525F077F3CC3}.Debug|Any CPU.Build.0 = Debug|Any CPU
		{B7D84022-A681-4EBC-A801-525F077F3CC3}.Release|Any CPU.ActiveCfg = Release|Any CPU
		{B7D84022-A681-4EBC-A801-525F077F3CC3}.Release|Any CPU.Build.0 = Release|Any CPU
		{14E7336D-759E-4D09-97AE-9A38D36E158D}.Debug|Any CPU.ActiveCfg = Debug|Any CPU
		{14E7336D-759E-4D09-97AE-9A38D36E158D}.Debug|Any CPU.Build.0 = Debug|Any CPU
		{14E7336D-759E-4D09-97AE-9A38D36E158D}.Release|Any CPU.ActiveCfg = Release|Any CPU
		{14E7336D-759E-4D09-97AE-9A38D36E158D}.Release|Any CPU.Build.0 = Release|Any CPU
		{F134922F-239B-4F17-8B0E-A1978D63570A}.Debug|Any CPU.ActiveCfg = Debug|Any CPU
		{F134922F-239B-4F17-8B0E-A1978D63570A}.Debug|Any CPU.Build.0 = Debug|Any CPU
		{F134922F-239B-4F17-8B0E-A1978D63570A}.Release|Any CPU.ActiveCfg = Release|Any CPU
		{F134922F-239B-4F17-8B0E-A1978D63570A}.Release|Any CPU.Build.0 = Release|Any CPU
	EndGlobalSection
	GlobalSection(SolutionProperties) = preSolution
		HideSolutionNode = FALSE
	EndGlobalSection
	GlobalSection(NestedProjects) = preSolution
		{93908A23-9F99-4691-A8BF-25937F9C013A} = {BEF04ECD-E7C5-4157-809C-07AD24AD86B7}
		{B7D84022-A681-4EBC-A801-525F077F3CC3} = {CFE363C7-1308-4A99-95FF-DCE548C84BEB}
		{14E7336D-759E-4D09-97AE-9A38D36E158D} = {CFE363C7-1308-4A99-95FF-DCE548C84BEB}
		{F134922F-239B-4F17-8B0E-A1978D63570A} = {462DF82E-D37A-40B0-9C6A-D2950B3F6905}
	EndGlobalSection
	GlobalSection(ExtensibilityGlobals) = postSolution
		SolutionGuid = {BA96A797-BA7A-4356-9715-3E1AC8AF567E}
	EndGlobalSection
EndGlobal
